
Microsoft Visual Studio Solution File, Format Version 12.00
# Visual Studio Version 16
VisualStudioVersion = 16.0.28822.285
MinimumVisualStudioVersion = 10.0.40219.1
Project("{FAE04EC0-301F-11D3-BF4B-00C04F79EFBC}") = "Examen01", "Examen01\Examen01.csproj", "{D06305BD-6CF5-4EC8-BC6A-730AFE5EAF5C}"
EndProject
Global
	GlobalSection(SolutionConfigurationPlatforms) = preSolution
		Debug|Any CPU = Debug|Any CPU
		Release|Any CPU = Release|Any CPU
	EndGlobalSection
	GlobalSection(ProjectConfigurationPlatforms) = postSolution
		{D06305BD-6CF5-4EC8-BC6A-730AFE5EAF5C}.Debug|Any CPU.ActiveCfg = Debug|Any CPU
		{D06305BD-6CF5-4EC8-BC6A-730AFE5EAF5C}.Debug|Any CPU.Build.0 = Debug|Any CPU
		{D06305BD-6CF5-4EC8-BC6A-730AFE5EAF5C}.Release|Any CPU.ActiveCfg = Release|Any CPU
		{D06305BD-6CF5-4EC8-BC6A-730AFE5EAF5C}.Release|Any CPU.Build.0 = Release|Any CPU
	EndGlobalSection
	GlobalSection(SolutionProperties) = preSolution
		HideSolutionNode = FALSE
	EndGlobalSection
	GlobalSection(ExtensibilityGlobals) = postSolution
		SolutionGuid = {B81EA169-0228-43E9-AC0C-900C9CE58304}
	EndGlobalSection
EndGlobal
